
Microsoft Visual Studio Solution File, Format Version 11.00
# Visual Studio 2010
Project("{FAE04EC0-301F-11D3-BF4B-00C04F79EFBC}") = "FEZ Panda II Application2", "FEZ Panda II Application2\FEZ Panda II Application2.csproj", "{14D8E4F5-31D8-4EDE-B6C8-BD158B2F8BDD}"
EndProject
Global
	GlobalSection(SolutionConfigurationPlatforms) = preSolution
		Debug|Any CPU = Debug|Any CPU
		Release|Any CPU = Release|Any CPU
	EndGlobalSection
	GlobalSection(ProjectConfigurationPlatforms) = postSolution
		{14D8E4F5-31D8-4EDE-B6C8-BD158B2F8BDD}.Debug|Any CPU.ActiveCfg = Debug|Any CPU
		{14D8E4F5-31D8-4EDE-B6C8-BD158B2F8BDD}.Debug|Any CPU.Build.0 = Debug|Any CPU
		{14D8E4F5-31D8-4EDE-B6C8-BD158B2F8BDD}.Debug|Any CPU.Deploy.0 = Debug|Any CPU
		{14D8E4F5-31D8-4EDE-B6C8-BD158B2F8BDD}.Release|Any CPU.ActiveCfg = Release|Any CPU
		{14D8E4F5-31D8-4EDE-B6C8-BD158B2F8BDD}.Release|Any CPU.Build.0 = Release|Any CPU
		{14D8E4F5-31D8-4EDE-B6C8-BD158B2F8BDD}.Release|Any CPU.Deploy.0 = Release|Any CPU
	EndGlobalSection
	GlobalSection(SolutionProperties) = preSolution
		HideSolutionNode = FALSE
	EndGlobalSection
EndGlobal
